// !$*UTF8*$!
{
	archiveVersion = 1;
	classes = {
	};
	objectVersion = 48;
	objects = {

/* Begin PBXBuildFile section */
		C298A95E2010BA7A001E6747 /* LeagueVC.swift in Sources */ = {isa = PBXBuildFile; fileRef = C298A95D2010BA7A001E6747 /* LeagueVC.swift */; };
		C298A9602010BA89001E6747 /* SkillVC.swift in Sources */ = {isa = PBXBuildFile; fileRef = C298A95F2010BA89001E6747 /* SkillVC.swift */; };
		C298A9622010DBB2001E6747 /* Player.swift in Sources */ = {isa = PBXBuildFile; fileRef = C298A9612010DBB2001E6747 /* Player.swift */; };
		C298A9652010DE95001E6747 /* Leagues.swift in Sources */ = {isa = PBXBuildFile; fileRef = C298A9642010DE95001E6747 /* Leagues.swift */; };
		C298A9672010DFF5001E6747 /* Skills.swift in Sources */ = {isa = PBXBuildFile; fileRef = C298A9662010DFF5001E6747 /* Skills.swift */; };
		C2A77CB8200FD386003DF9CE /* AppDelegate.swift in Sources */ = {isa = PBXBuildFile; fileRef = C2A77CB7200FD386003DF9CE /* AppDelegate.swift */; };
		C2A77CBA200FD386003DF9CE /* WelcomeVC.swift in Sources */ = {isa = PBXBuildFile; fileRef = C2A77CB9200FD386003DF9CE /* WelcomeVC.swift */; };
		C2A77CBD200FD386003DF9CE /* Main.storyboard in Resources */ = {isa = PBXBuildFile; fileRef = C2A77CBB200FD386003DF9CE /* Main.storyboard */; };
		C2A77CBF200FD386003DF9CE /* Assets.xcassets in Resources */ = {isa = PBXBuildFile; fileRef = C2A77CBE200FD386003DF9CE /* Assets.xcassets */; };
		C2A77CC2200FD386003DF9CE /* LaunchScreen.storyboard in Resources */ = {isa = PBXBuildFile; fileRef = C2A77CC0200FD386003DF9CE /* LaunchScreen.storyboard */; };
		C2A77CCB200FDBE5003DF9CE /* BorderButton.swift in Sources */ = {isa = PBXBuildFile; fileRef = C2A77CCA200FDBE5003DF9CE /* BorderButton.swift */; };
/* End PBXBuildFile section */

/* Begin PBXFileReference section */
		C298A95D2010BA7A001E6747 /* LeagueVC.swift */ = {isa = PBXFileReference; lastKnownFileType = sourcecode.swift; path = LeagueVC.swift; sourceTree = "<group>"; };
		C298A95F2010BA89001E6747 /* SkillVC.swift */ = {isa = PBXFileReference; lastKnownFileType = sourcecode.swift; path = SkillVC.swift; sourceTree = "<group>"; };
		C298A9612010DBB2001E6747 /* Player.swift */ = {isa = PBXFileReference; lastKnownFileType = sourcecode.swift; path = Player.swift; sourceTree = "<group>"; };
		C298A9642010DE95001E6747 /* Leagues.swift */ = {isa = PBXFileReference; lastKnownFileType = sourcecode.swift; path = Leagues.swift; sourceTree = "<group>"; };
		C298A9662010DFF5001E6747 /* Skills.swift */ = {isa = PBXFileReference; lastKnownFileType = sourcecode.swift; path = Skills.swift; sourceTree = "<group>"; };
		C2A77CB4200FD386003DF9CE /* app-swoosh.app */ = {isa = PBXFileReference; explicitFileType = wrapper.application; includeInIndex = 0; path = "app-swoosh.app"; sourceTree = BUILT_PRODUCTS_DIR; };
		C2A77CB7200FD386003DF9CE /* AppDelegate.swift */ = {isa = PBXFileReference; lastKnownFileType = sourcecode.swift; path = AppDelegate.swift; sourceTree = "<group>"; };
		C2A77CB9200FD386003DF9CE /* WelcomeVC.swift */ = {isa = PBXFileReference; lastKnownFileType = sourcecode.swift; path = WelcomeVC.swift; sourceTree = "<group>"; };
		C2A77CBC200FD386003DF9CE /* Base */ = {isa = PBXFileReference; lastKnownFileType = file.storyboard; name = Base; path = Base.lproj/Main.storyboard; sourceTree = "<group>"; };
		C2A77CBE200FD386003DF9CE /* Assets.xcassets */ = {isa = PBXFileReference; lastKnownFileType = folder.assetcatalog; path = Assets.xcassets; sourceTree = "<group>"; };
		C2A77CC1200FD386003DF9CE /* Base */ = {isa = PBXFileReference; lastKnownFileType = file.storyboard; name = Base; path = Base.lproj/LaunchScreen.storyboard; sourceTree = "<group>"; };
		C2A77CC3200FD386003DF9CE /* Info.plist */ = {isa = PBXFileReference; lastKnownFileType = text.plist.xml; path = Info.plist; sourceTree = "<group>"; };
		C2A77CCA200FDBE5003DF9CE /* BorderButton.swift */ = {isa = PBXFileReference; lastKnownFileType = sourcecode.swift; path = BorderButton.swift; sourceTree = "<group>"; };
/* End PBXFileReference section */

/* Begin PBXFrameworksBuildPhase section */
		C2A77CB1200FD386003DF9CE /* Frameworks */ = {
			isa = PBXFrameworksBuildPhase;
			buildActionMask = 2147483647;
			files = (
			);
			runOnlyForDeploymentPostprocessing = 0;
		};
/* End PBXFrameworksBuildPhase section */

/* Begin PBXGroup section */
		C298A95B2010B9EC001E6747 /* Controller */ = {
			isa = PBXGroup;
			children = (
				C2A77CB9200FD386003DF9CE /* WelcomeVC.swift */,
				C298A95D2010BA7A001E6747 /* LeagueVC.swift */,
				C298A95F2010BA89001E6747 /* SkillVC.swift */,
			);
			path = Controller;
			sourceTree = "<group>";
		};
		C298A95C2010B9F9001E6747 /* Model */ = {
			isa = PBXGroup;
			children = (
				C298A9612010DBB2001E6747 /* Player.swift */,
			);
			path = Model;
			sourceTree = "<group>";
		};
		C298A9632010DE86001E6747 /* Enums */ = {
			isa = PBXGroup;
			children = (
				C298A9642010DE95001E6747 /* Leagues.swift */,
				C298A9662010DFF5001E6747 /* Skills.swift */,
			);
			path = Enums;
			sourceTree = "<group>";
		};
		C2A77CAB200FD385003DF9CE = {
			isa = PBXGroup;
			children = (
				C2A77CB6200FD386003DF9CE /* app-swoosh */,
				C2A77CB5200FD386003DF9CE /* Products */,
			);
			sourceTree = "<group>";
		};
		C2A77CB5200FD386003DF9CE /* Products */ = {
			isa = PBXGroup;
			children = (
				C2A77CB4200FD386003DF9CE /* app-swoosh.app */,
			);
			name = Products;
			sourceTree = "<group>";
		};
		C2A77CB6200FD386003DF9CE /* app-swoosh */ = {
			isa = PBXGroup;
			children = (
				C298A9632010DE86001E6747 /* Enums */,
				C298A95C2010B9F9001E6747 /* Model */,
				C298A95B2010B9EC001E6747 /* Controller */,
				C2A77CC9200FDBC1003DF9CE /* Views */,
				C2A77CB7200FD386003DF9CE /* AppDelegate.swift */,
				C2A77CBB200FD386003DF9CE /* Main.storyboard */,
				C2A77CBE200FD386003DF9CE /* Assets.xcassets */,
				C2A77CC0200FD386003DF9CE /* LaunchScreen.storyboard */,
				C2A77CC3200FD386003DF9CE /* Info.plist */,
			);
			path = "app-swoosh";
			sourceTree = "<group>";
		};
		C2A77CC9200FDBC1003DF9CE /* Views */ = {
			isa = PBXGroup;
			children = (
				C2A77CCA200FDBE5003DF9CE /* BorderButton.swift */,
			);
			path = Views;
			sourceTree = "<group>";
		};
/* End PBXGroup section */

/* Begin PBXNativeTarget section */
		C2A77CB3200FD386003DF9CE /* app-swoosh */ = {
			isa = PBXNativeTarget;
			buildConfigurationList = C2A77CC6200FD386003DF9CE /* Build configuration list for PBXNativeTarget "app-swoosh" */;
			buildPhases = (
				C2A77CB0200FD386003DF9CE /* Sources */,
				C2A77CB1200FD386003DF9CE /* Frameworks */,
				C2A77CB2200FD386003DF9CE /* Resources */,
			);
			buildRules = (
			);
			dependencies = (
			);
			name = "app-swoosh";
			productName = "app-swoosh";
			productReference = C2A77CB4200FD386003DF9CE /* app-swoosh.app */;
			productType = "com.apple.product-type.application";
		};
/* End PBXNativeTarget section */

/* Begin PBXProject section */
		C2A77CAC200FD385003DF9CE /* Project object */ = {
			isa = PBXProject;
			attributes = {
				LastSwiftUpdateCheck = 0920;
				LastUpgradeCheck = 0920;
				ORGANIZATIONNAME = "iSOKOL-DEV";
				TargetAttributes = {
					C2A77CB3200FD386003DF9CE = {
						CreatedOnToolsVersion = 9.2;
						ProvisioningStyle = Automatic;
					};
				};
			};
			buildConfigurationList = C2A77CAF200FD385003DF9CE /* Build configuration list for PBXProject "app-swoosh" */;
			compatibilityVersion = "Xcode 8.0";
			developmentRegion = en;
			hasScannedForEncodings = 0;
			knownRegions = (
				en,
				Base,
			);
			mainGroup = C2A77CAB200FD385003DF9CE;
			productRefGroup = C2A77CB5200FD386003DF9CE /* Products */;
			projectDirPath = "";
			projectRoot = "";
			targets = (
				C2A77CB3200FD386003DF9CE /* app-swoosh */,
			);
		};
/* End PBXProject section */

/* Begin PBXResourcesBuildPhase section */
		C2A77CB2200FD386003DF9CE /* Resources */ = {
			isa = PBXResourcesBuildPhase;
			buildActionMask = 2147483647;
			files = (
				C2A77CC2200FD386003DF9CE /* LaunchScreen.storyboard in Resources */,
				C2A77CBF200FD386003DF9CE /* Assets.xcassets in Resources */,
				C2A77CBD200FD386003DF9CE /* Main.storyboard in Resources */,
			);
			runOnlyForDeploymentPostprocessing = 0;
		};
/* End PBXResourcesBuildPhase section */

/* Begin PBXSourcesBuildPhase section */
		C2A77CB0200FD386003DF9CE /* Sources */ = {
			isa = PBXSourcesBuildPhase;
			buildActionMask = 2147483647;
			files = (
				C2A77CBA200FD386003DF9CE /* WelcomeVC.swift in Sources */,
				C298A9672010DFF5001E6747 /* Skills.swift in Sources */,
				C298A95E2010BA7A001E6747 /* LeagueVC.swift in Sources */,
				C2A77CB8200FD386003DF9CE /* AppDelegate.swift in Sources */,
				C298A9652010DE95001E6747 /* Leagues.swift in Sources */,
				C298A9602010BA89001E6747 /* SkillVC.swift in Sources */,
				C298A9622010DBB2001E6747 /* Player.swift in Sources */,
				C2A77CCB200FDBE5003DF9CE /* BorderButton.swift in Sources */,
			);
			runOnlyForDeploymentPostprocessing = 0;
		};
/* End PBXSourcesBuildPhase section */

/* Begin PBXVariantGroup section */
		C2A77CBB200FD386003DF9CE /* Main.storyboard */ = {
			isa = PBXVariantGroup;
			children = (
				C2A77CBC200FD386003DF9CE /* Base */,
			);
			name = Main.storyboard;
			sourceTree = "<group>";
		};
		C2A77CC0200FD386003DF9CE /* LaunchScreen.storyboard */ = {
			isa = PBXVariantGroup;
			children = (
				C2A77CC1200FD386003DF9CE /* Base */,
			);
			name = LaunchScreen.storyboard;
			sourceTree = "<group>";
		};
/* End PBXVariantGroup section */

/* Begin XCBuildConfiguration section */
		C2A77CC4200FD386003DF9CE /* Debug */ = {
			isa = XCBuildConfiguration;
			buildSettings = {
				ALWAYS_SEARCH_USER_PATHS = NO;
				CLANG_ANALYZER_NONNULL = YES;
				CLANG_ANALYZER_NUMBER_OBJECT_CONVERSION = YES_AGGRESSIVE;
				CLANG_CXX_LANGUAGE_STANDARD = "gnu++14";
				CLANG_CXX_LIBRARY = "libc++";
				CLANG_ENABLE_MODULES = YES;
				CLANG_ENABLE_OBJC_ARC = YES;
				CLANG_WARN_BLOCK_CAPTURE_AUTORELEASING = YES;
				CLANG_WARN_BOOL_CONVERSION = YES;
				CLANG_WARN_COMMA = YES;
				CLANG_WARN_CONSTANT_CONVERSION = YES;
				CLANG_WARN_DIRECT_OBJC_ISA_USAGE = YES_ERROR;
				CLANG_WARN_DOCUMENTATION_COMMENTS = YES;
				CLANG_WARN_EMPTY_BODY = YES;
				CLANG_WARN_ENUM_CONVERSION = YES;
				CLANG_WARN_INFINITE_RECURSION = YES;
				CLANG_WARN_INT_CONVERSION = YES;
				CLANG_WARN_NON_LITERAL_NULL_CONVERSION = YES;
				CLANG_WARN_OBJC_LITERAL_CONVERSION = YES;
				CLANG_WARN_OBJC_ROOT_CLASS = YES_ERROR;
				CLANG_WARN_RANGE_LOOP_ANALYSIS = YES;
				CLANG_WARN_STRICT_PROTOTYPES = YES;
				CLANG_WARN_SUSPICIOUS_MOVE = YES;
				CLANG_WARN_UNGUARDED_AVAILABILITY = YES_AGGRESSIVE;
				CLANG_WARN_UNREACHABLE_CODE = YES;
				CLANG_WARN__DUPLICATE_METHOD_MATCH = YES;
				CODE_SIGN_IDENTITY = "iPhone Developer";
				COPY_PHASE_STRIP = NO;
				DEBUG_INFORMATION_FORMAT = dwarf;
				ENABLE_STRICT_OBJC_MSGSEND = YES;
				ENABLE_TESTABILITY = YES;
				GCC_C_LANGUAGE_STANDARD = gnu11;
				GCC_DYNAMIC_NO_PIC = NO;
				GCC_NO_COMMON_BLOCKS = YES;
				GCC_OPTIMIZATION_LEVEL = 0;
				GCC_PREPROCESSOR_DEFINITIONS = (
					"DEBUG=1",
					"$(inherited)",
				);
				GCC_WARN_64_TO_32_BIT_CONVERSION = YES;
				GCC_WARN_ABOUT_RETURN_TYPE = YES_ERROR;
				GCC_WARN_UNDECLARED_SELECTOR = YES;
				GCC_WARN_UNINITIALIZED_AUTOS = YES_AGGRESSIVE;
				GCC_WARN_UNUSED_FUNCTION = YES;
				GCC_WARN_UNUSED_VARIABLE = YES;
				IPHONEOS_DEPLOYMENT_TARGET = 11.2;
				MTL_ENABLE_DEBUG_INFO = YES;
				ONLY_ACTIVE_ARCH = YES;
				SDKROOT = iphoneos;
				SWIFT_ACTIVE_COMPILATION_CONDITIONS = DEBUG;
				SWIFT_OPTIMIZATION_LEVEL = "-Onone";
			};
			name = Debug;
		};
		C2A77CC5200FD386003DF9CE /* Release */ = {
			isa = XCBuildConfiguration;
			buildSettings = {
				ALWAYS_SEARCH_USER_PATHS = NO;
				CLANG_ANALYZER_NONNULL = YES;
				CLANG_ANALYZER_NUMBER_OBJECT_CONVERSION = YES_AGGRESSIVE;
				CLANG_CXX_LANGUAGE_STANDARD = "gnu++14";
				CLANG_CXX_LIBRARY = "libc++";
				CLANG_ENABLE_MODULES = YES;
				CLANG_ENABLE_OBJC_ARC = YES;
				CLANG_WARN_BLOCK_CAPTURE_AUTORELEASING = YES;
				CLANG_WARN_BOOL_CONVERSION = YES;
				CLANG_WARN_COMMA = YES;
				CLANG_WARN_CONSTANT_CONVERSION = YES;
				CLANG_WARN_DIRECT_OBJC_ISA_USAGE = YES_ERROR;
				CLANG_WARN_DOCUMENTATION_COMMENTS = YES;
				CLANG_WARN_EMPTY_BODY = YES;
				CLANG_WARN_ENUM_CONVERSION = YES;
				CLANG_WARN_INFINITE_RECURSION = YES;
				CLANG_WARN_INT_CONVERSION = YES;
				CLANG_WARN_NON_LITERAL_NULL_CONVERSION = YES;
				CLANG_WARN_OBJC_LITERAL_CONVERSION = YES;
				CLANG_WARN_OBJC_ROOT_CLASS = YES_ERROR;
				CLANG_WARN_RANGE_LOOP_ANALYSIS = YES;
				CLANG_WARN_STRICT_PROTOTYPES = YES;
				CLANG_WARN_SUSPICIOUS_MOVE = YES;
				CLANG_WARN_UNGUARDED_AVAILABILITY = YES_AGGRESSIVE;
				CLANG_WARN_UNREACHABLE_CODE = YES;
				CLANG_WARN__DUPLICATE_METHOD_MATCH = YES;
				CODE_SIGN_IDENTITY = "iPhone Developer";
				COPY_PHASE_STRIP = NO;
				DEBUG_INFORMATION_FORMAT = "dwarf-with-dsym";
				ENABLE_NS_ASSERTIONS = NO;
				ENABLE_STRICT_OBJC_MSGSEND = YES;
				GCC_C_LANGUAGE_STANDARD = gnu11;
				GCC_NO_COMMON_BLOCKS = YES;
				GCC_WARN_64_TO_32_BIT_CONVERSION = YES;
				GCC_WARN_ABOUT_RETURN_TYPE = YES_ERROR;
				GCC_WARN_UNDECLARED_SELECTOR = YES;
				GCC_WARN_UNINITIALIZED_AUTOS = YES_AGGRESSIVE;
				GCC_WARN_UNUSED_FUNCTION = YES;
				GCC_WARN_UNUSED_VARIABLE = YES;
				IPHONEOS_DEPLOYMENT_TARGET = 11.2;
				MTL_ENABLE_DEBUG_INFO = NO;
				SDKROOT = iphoneos;
				SWIFT_OPTIMIZATION_LEVEL = "-Owholemodule";
				VALIDATE_PRODUCT = YES;
			};
			name = Release;
		};
		C2A77CC7200FD386003DF9CE /* Debug */ = {
			isa = XCBuildConfiguration;
			buildSettings = {
				ASSETCATALOG_COMPILER_APPICON_NAME = AppIcon;
				CODE_SIGN_STYLE = Automatic;
				DEVELOPMENT_TEAM = 4FTDPDE5LK;
				INFOPLIST_FILE = "app-swoosh/Info.plist";
				LD_RUNPATH_SEARCH_PATHS = "$(inherited) @executable_path/Frameworks";
				PRODUCT_BUNDLE_IDENTIFIER = "com.isokol.dev.app-swoosh";
				PRODUCT_NAME = "$(TARGET_NAME)";
				SWIFT_VERSION = 4.0;
				TARGETED_DEVICE_FAMILY = "1,2";
			};
			name = Debug;
		};
		C2A77CC8200FD386003DF9CE /* Release */ = {
			isa = XCBuildConfiguration;
			buildSettings = {
				ASSETCATALOG_COMPILER_APPICON_NAME = AppIcon;
				CODE_SIGN_STYLE = Automatic;
				DEVELOPMENT_TEAM = 4FTDPDE5LK;
				INFOPLIST_FILE = "app-swoosh/Info.plist";
				LD_RUNPATH_SEARCH_PATHS = "$(inherited) @executable_path/Frameworks";
				PRODUCT_BUNDLE_IDENTIFIER = "com.isokol.dev.app-swoosh";
				PRODUCT_NAME = "$(TARGET_NAME)";
				SWIFT_VERSION = 4.0;
				TARGETED_DEVICE_FAMILY = "1,2";
			};
			name = Release;
		};
/* End XCBuildConfiguration section */

/* Begin XCConfigurationList section */
		C2A77CAF200FD385003DF9CE /* Build configuration list for PBXProject "app-swoosh" */ = {
			isa = XCConfigurationList;
			buildConfigurations = (
				C2A77CC4200FD386003DF9CE /* Debug */,
				C2A77CC5200FD386003DF9CE /* Release */,
			);
			defaultConfigurationIsVisible = 0;
			defaultConfigurationName = Release;
		};
		C2A77CC6200FD386003DF9CE /* Build configuration list for PBXNativeTarget "app-swoosh" */ = {
			isa = XCConfigurationList;
			buildConfigurations = (
				C2A77CC7200FD386003DF9CE /* Debug */,
				C2A77CC8200FD386003DF9CE /* Release */,
			);
			defaultConfigurationIsVisible = 0;
			defaultConfigurationName = Release;
		};
/* End XCConfigurationList section */
	};
	rootObject = C2A77CAC200FD385003DF9CE /* Project object */;
}
